// !$*UTF8*$!
{
	archiveVersion = 1;
	classes = {
	};
	objectVersion = 54;
	objects = {

/* Begin PBXBuildFile section */
		2D21248F2643E09B00231B27 /* ResourcePath.mm in Sources */ = {isa = PBXBuildFile; fileRef = 2D21248E2643E09B00231B27 /* ResourcePath.mm */; };
		2D2124922643E09B00231B27 /* main.cpp in Sources */ = {isa = PBXBuildFile; fileRef = 2D2124912643E09B00231B27 /* main.cpp */; };
		2D2124A22643E1B400231B27 /* consolas.ttf in Resources */ = {isa = PBXBuildFile; fileRef = 2D2124A12643E1B400231B27 /* consolas.ttf */; };
		2D2124A82643E1CD00231B27 /* calculator.cpp in Sources */ = {isa = PBXBuildFile; fileRef = 2D2124A42643E1CD00231B27 /* calculator.cpp */; };
		2D2124A92643E1CD00231B27 /* visualizer.cpp in Sources */ = {isa = PBXBuildFile; fileRef = 2D2124A52643E1CD00231B27 /* visualizer.cpp */; };
		2D2124B42643F1EE00231B27 /* ResourcePath.mm in Sources */ = {isa = PBXBuildFile; fileRef = 2D2124B32643F1EE00231B27 /* ResourcePath.mm */; };
		2D2124B72643F1EE00231B27 /* main.cpp in Sources */ = {isa = PBXBuildFile; fileRef = 2D2124B62643F1EE00231B27 /* main.cpp */; };
		2D2124CC2643F26B00231B27 /* particle.cpp in Sources */ = {isa = PBXBuildFile; fileRef = 2D2124C72643F26A00231B27 /* particle.cpp */; };
		2D2124CD2643F26B00231B27 /* link.cpp in Sources */ = {isa = PBXBuildFile; fileRef = 2D2124C92643F26A00231B27 /* link.cpp */; };
		2D2124CE2643F26B00231B27 /* pressure.cpp in Sources */ = {isa = PBXBuildFile; fileRef = 2D2124CA2643F26B00231B27 /* pressure.cpp */; };
		2D2124CF2643F26B00231B27 /* system.cpp in Sources */ = {isa = PBXBuildFile; fileRef = 2D2124CB2643F26B00231B27 /* system.cpp */; };
/* End PBXBuildFile section */

/* Begin PBXFileReference section */
		2D2124892643E09B00231B27 /* Project.app */ = {isa = PBXFileReference; explicitFileType = wrapper.application; includeInIndex = 0; path = Project.app; sourceTree = BUILT_PRODUCTS_DIR; };
		2D21248E2643E09B00231B27 /* ResourcePath.mm */ = {isa = PBXFileReference; lastKnownFileType = sourcecode.cpp.objcpp; path = ResourcePath.mm; sourceTree = "<group>"; };
		2D2124902643E09B00231B27 /* ResourcePath.hpp */ = {isa = PBXFileReference; lastKnownFileType = sourcecode.cpp.h; path = ResourcePath.hpp; sourceTree = "<group>"; };
		2D2124912643E09B00231B27 /* main.cpp */ = {isa = PBXFileReference; lastKnownFileType = sourcecode.cpp.cpp; path = main.cpp; sourceTree = "<group>"; };
		2D2124A12643E1B400231B27 /* consolas.ttf */ = {isa = PBXFileReference; lastKnownFileType = file; path = consolas.ttf; sourceTree = "<group>"; };
		2D2124A32643E1CD00231B27 /* calculator.hpp */ = {isa = PBXFileReference; fileEncoding = 4; lastKnownFileType = sourcecode.cpp.h; path = calculator.hpp; sourceTree = "<group>"; };
		2D2124A42643E1CD00231B27 /* calculator.cpp */ = {isa = PBXFileReference; fileEncoding = 4; lastKnownFileType = sourcecode.cpp.cpp; path = calculator.cpp; sourceTree = "<group>"; };
		2D2124A52643E1CD00231B27 /* visualizer.cpp */ = {isa = PBXFileReference; fileEncoding = 4; lastKnownFileType = sourcecode.cpp.cpp; path = visualizer.cpp; sourceTree = "<group>"; };
		2D2124A62643E1CD00231B27 /* view.hpp */ = {isa = PBXFileReference; fileEncoding = 4; lastKnownFileType = sourcecode.cpp.h; path = view.hpp; sourceTree = "<group>"; };
		2D2124A72643E1CD00231B27 /* visualizer.hpp */ = {isa = PBXFileReference; fileEncoding = 4; lastKnownFileType = sourcecode.cpp.h; path = visualizer.hpp; sourceTree = "<group>"; };
		2D2124AF2643F1EE00231B27 /* Gravity Falls.app */ = {isa = PBXFileReference; explicitFileType = wrapper.application; includeInIndex = 0; path = "Gravity Falls.app"; sourceTree = BUILT_PRODUCTS_DIR; };
		2D2124B32643F1EE00231B27 /* ResourcePath.mm */ = {isa = PBXFileReference; lastKnownFileType = sourcecode.cpp.objcpp; path = ResourcePath.mm; sourceTree = "<group>"; };
		2D2124B52643F1EE00231B27 /* ResourcePath.hpp */ = {isa = PBXFileReference; lastKnownFileType = sourcecode.cpp.h; path = ResourcePath.hpp; sourceTree = "<group>"; };
		2D2124B62643F1EE00231B27 /* main.cpp */ = {isa = PBXFileReference; lastKnownFileType = sourcecode.cpp.cpp; path = main.cpp; sourceTree = "<group>"; };
		2D2124C42643F26A00231B27 /* pressure.hpp */ = {isa = PBXFileReference; fileEncoding = 4; lastKnownFileType = sourcecode.cpp.h; path = pressure.hpp; sourceTree = "<group>"; };
		2D2124C52643F26A00231B27 /* link.hpp */ = {isa = PBXFileReference; fileEncoding = 4; lastKnownFileType = sourcecode.cpp.h; path = link.hpp; sourceTree = "<group>"; };
		2D2124C62643F26A00231B27 /* particle.hpp */ = {isa = PBXFileReference; fileEncoding = 4; lastKnownFileType = sourcecode.cpp.h; path = particle.hpp; sourceTree = "<group>"; };
		2D2124C72643F26A00231B27 /* particle.cpp */ = {isa = PBXFileReference; fileEncoding = 4; lastKnownFileType = sourcecode.cpp.cpp; path = particle.cpp; sourceTree = "<group>"; };
		2D2124C82643F26A00231B27 /* system.hpp */ = {isa = PBXFileReference; fileEncoding = 4; lastKnownFileType = sourcecode.cpp.h; path = system.hpp; sourceTree = "<group>"; };
		2D2124C92643F26A00231B27 /* link.cpp */ = {isa = PBXFileReference; fileEncoding = 4; lastKnownFileType = sourcecode.cpp.cpp; path = link.cpp; sourceTree = "<group>"; };
		2D2124CA2643F26B00231B27 /* pressure.cpp */ = {isa = PBXFileReference; fileEncoding = 4; lastKnownFileType = sourcecode.cpp.cpp; path = pressure.cpp; sourceTree = "<group>"; };
		2D2124CB2643F26B00231B27 /* system.cpp */ = {isa = PBXFileReference; fileEncoding = 4; lastKnownFileType = sourcecode.cpp.cpp; path = system.cpp; sourceTree = "<group>"; };
		2D2124D02643F28300231B27 /* functions.hpp */ = {isa = PBXFileReference; fileEncoding = 4; lastKnownFileType = sourcecode.cpp.h; path = functions.hpp; sourceTree = "<group>"; };
/* End PBXFileReference section */

/* Begin PBXFrameworksBuildPhase section */
		2D2124852643E09B00231B27 /* Frameworks */ = {
			isa = PBXFrameworksBuildPhase;
			buildActionMask = 2147483647;
			files = (
			);
			runOnlyForDeploymentPostprocessing = 0;
		};
		2D2124AB2643F1EE00231B27 /* Frameworks */ = {
			isa = PBXFrameworksBuildPhase;
			buildActionMask = 2147483647;
			files = (
			);
			runOnlyForDeploymentPostprocessing = 0;
		};
/* End PBXFrameworksBuildPhase section */

/* Begin PBXGroup section */
		2D21247F2643E09B00231B27 = {
			isa = PBXGroup;
			children = (
				2D21248B2643E09B00231B27 /* From Mandelbrot to Julia */,
				2D2124B02643F1EE00231B27 /* Gravity Falls */,
				2D21248A2643E09B00231B27 /* Products */,
			);
			sourceTree = "<group>";
		};
		2D21248A2643E09B00231B27 /* Products */ = {
			isa = PBXGroup;
			children = (
				2D2124892643E09B00231B27 /* Project.app */,
				2D2124AF2643F1EE00231B27 /* Gravity Falls.app */,
			);
			name = Products;
			sourceTree = "<group>";
		};
		2D21248B2643E09B00231B27 /* From Mandelbrot to Julia */ = {
			isa = PBXGroup;
			children = (
				2D2124A42643E1CD00231B27 /* calculator.cpp */,
				2D2124A32643E1CD00231B27 /* calculator.hpp */,
				2D2124A62643E1CD00231B27 /* view.hpp */,
				2D2124A52643E1CD00231B27 /* visualizer.cpp */,
				2D2124A72643E1CD00231B27 /* visualizer.hpp */,
				2D21248E2643E09B00231B27 /* ResourcePath.mm */,
				2D2124902643E09B00231B27 /* ResourcePath.hpp */,
				2D2124912643E09B00231B27 /* main.cpp */,
				2D2124932643E09B00231B27 /* Resources */,
			);
			path = "From Mandelbrot to Julia";
			sourceTree = "<group>";
		};
		2D2124932643E09B00231B27 /* Resources */ = {
			isa = PBXGroup;
			children = (
				2D2124A12643E1B400231B27 /* consolas.ttf */,
			);
			name = Resources;
			sourceTree = "<group>";
		};
		2D2124B02643F1EE00231B27 /* Gravity Falls */ = {
			isa = PBXGroup;
			children = (
				2D2124D02643F28300231B27 /* functions.hpp */,
				2D2124C92643F26A00231B27 /* link.cpp */,
				2D2124C52643F26A00231B27 /* link.hpp */,
				2D2124C72643F26A00231B27 /* particle.cpp */,
				2D2124C62643F26A00231B27 /* particle.hpp */,
				2D2124CA2643F26B00231B27 /* pressure.cpp */,
				2D2124C42643F26A00231B27 /* pressure.hpp */,
				2D2124CB2643F26B00231B27 /* system.cpp */,
				2D2124C82643F26A00231B27 /* system.hpp */,
				2D2124B32643F1EE00231B27 /* ResourcePath.mm */,
				2D2124B52643F1EE00231B27 /* ResourcePath.hpp */,
				2D2124B62643F1EE00231B27 /* main.cpp */,
			);
			path = "Gravity Falls";
			sourceTree = "<group>";
		};
/* End PBXGroup section */

/* Begin PBXNativeTarget section */
		2D2124882643E09B00231B27 /* Project */ = {
			isa = PBXNativeTarget;
			buildConfigurationList = 2D21249E2643E09B00231B27 /* Build configuration list for PBXNativeTarget "Project" */;
			buildPhases = (
				2D2124842643E09B00231B27 /* Sources */,
				2D2124852643E09B00231B27 /* Frameworks */,
				2D2124862643E09B00231B27 /* Resources */,
				2D2124872643E09B00231B27 /* ShellScript */,
			);
			buildRules = (
			);
			dependencies = (
			);
			name = Project;
			productName = "From Mandelbrot to Julia";
			productReference = 2D2124892643E09B00231B27 /* Project.app */;
			productType = "com.apple.product-type.application";
		};
		2D2124AE2643F1EE00231B27 /* Gravity Falls */ = {
			isa = PBXNativeTarget;
			buildConfigurationList = 2D2124C32643F1EE00231B27 /* Build configuration list for PBXNativeTarget "Gravity Falls" */;
			buildPhases = (
				2D2124AA2643F1EE00231B27 /* Sources */,
				2D2124AB2643F1EE00231B27 /* Frameworks */,
				2D2124AC2643F1EE00231B27 /* Resources */,
				2D2124AD2643F1EE00231B27 /* ShellScript */,
			);
			buildRules = (
			);
			dependencies = (
			);
			name = "Gravity Falls";
			productName = "Gravity Falls";
			productReference = 2D2124AF2643F1EE00231B27 /* Gravity Falls.app */;
			productType = "com.apple.product-type.application";
		};
/* End PBXNativeTarget section */

/* Begin PBXProject section */
		2D2124802643E09B00231B27 /* Project object */ = {
			isa = PBXProject;
			attributes = {
				LastUpgradeCheck = 1250;
				ORGANIZATIONNAME = "Roman Alyaev";
				TargetAttributes = {
					2D2124882643E09B00231B27 = {
						CreatedOnToolsVersion = 12.5;
					};
					2D2124AE2643F1EE00231B27 = {
						CreatedOnToolsVersion = 12.5;
					};
				};
			};
			buildConfigurationList = 2D2124832643E09B00231B27 /* Build configuration list for PBXProject "Project" */;
			compatibilityVersion = "Xcode 12.0";
			developmentRegion = en;
			hasScannedForEncodings = 0;
			knownRegions = (
				en,
				Base,
			);
			mainGroup = 2D21247F2643E09B00231B27;
			productRefGroup = 2D21248A2643E09B00231B27 /* Products */;
			projectDirPath = "";
			projectRoot = "";
			targets = (
				2D2124882643E09B00231B27 /* Project */,
				2D2124AE2643F1EE00231B27 /* Gravity Falls */,
			);
		};
/* End PBXProject section */

/* Begin PBXResourcesBuildPhase section */
		2D2124862643E09B00231B27 /* Resources */ = {
			isa = PBXResourcesBuildPhase;
			buildActionMask = 2147483647;
			files = (
				2D2124A22643E1B400231B27 /* consolas.ttf in Resources */,
			);
			runOnlyForDeploymentPostprocessing = 0;
		};
		2D2124AC2643F1EE00231B27 /* Resources */ = {
			isa = PBXResourcesBuildPhase;
			buildActionMask = 2147483647;
			files = (
			);
			runOnlyForDeploymentPostprocessing = 0;
		};
/* End PBXResourcesBuildPhase section */

/* Begin PBXShellScriptBuildPhase section */
		2D2124872643E09B00231B27 /* ShellScript */ = {
			isa = PBXShellScriptBuildPhase;
			buildActionMask = 8;
			files = (
			);
			inputFileListPaths = (
			);
			inputPaths = (
			);
			outputFileListPaths = (
			);
			outputPaths = (
			);
			runOnlyForDeploymentPostprocessing = 1;
			shellPath = /bin/sh;
			shellScript = "# This shell script simply copies required SFML dylibs/frameworks into the application bundle frameworks folder.\n# If you're using static libraries (which is not recommended) you should remove this script from your project.\n\n# SETTINGS\nSFML_DEPENDENCIES_INSTALL_PREFIX=\"/Users/SFML/Desktop/packaging/tmp/install/Library/Frameworks\"\nCMAKE_INSTALL_FRAMEWORK_PREFIX=\"/Users/SFML/Desktop/packaging/tmp/install/Library/Frameworks\"\nCMAKE_INSTALL_LIB_PREFIX=\"/Users/SFML/Desktop/packaging/tmp/install/Library/Frameworks/lib\"\nFRAMEWORKS_FULL_PATH=\"$BUILT_PRODUCTS_DIR/$FRAMEWORKS_FOLDER_PATH/\"\n\n# Are we building a project that uses frameworks or dylibs?\ncase \"$SFML_BINARY_TYPE\" in\n    DYLIBS)\n        frameworks=\"false\"\n        ;;\n    *)\n        frameworks=\"true\"\n        ;;\nesac\n\n# Echoes to stderr\nerror () # $* message to display\n{\n    echo $* 1>&2\n    exit 2\n}\n\nassert () # $1 is a boolean, $2...N is an error message\n{\n    if [ $# -lt 2 ]\n    then\n        error \"Internal error in assert: not enough args\"\n    fi\n\n    if [ $1 -ne 0 ]\n    then\n        shift\n        error \"$*\"\n    fi\n}\n\nforce_remove () # $@ is some paths\n{\n    test $# -ge 1\n    assert $? \"force_remove() requires at least one parameter\"\n    rm -fr $@\n    assert $? \"couldn't remove $@\"\n}\n\ncopy () # $1 is a source, $2 is a destination\n{\n    test $# -eq 2\n    assert $? \"copy() requires two parameters\"\n    ditto \"$1\" \"$2\"\n    assert $? \"couldn't copy $1 to $2\"\n}\n\nrequire () # $1 is a SFML module like 'system' or 'audio'\n{\n    dest=\"$BUILT_PRODUCTS_DIR/$FRAMEWORKS_FOLDER_PATH/\"\n\n    if [ -z \"$1\" ]\n    then\n        error \"require() requires one parameter!\"\n    else\n        # clean potentially old stuff\n        force_remove \"$dest/libsfml-$1\"*\n        force_remove \"$dest/sfml-$1.framework\"\n\n        # copy SFML libraries\n        if [ \"$frameworks\" = \"true\" ]\n        then\n            source=\"$CMAKE_INSTALL_FRAMEWORK_PREFIX/sfml-$1.framework\"\n            target=\"sfml-$1.framework\"\n        elif [ \"$SFML_LINK_DYLIBS_SUFFIX\" = \"-d\" ]\n        then\n            source=\"$CMAKE_INSTALL_LIB_PREFIX/libsfml-$1-d.dylib\"\n            target=\"`readlink $source`\"\n        else\n            source=\"$CMAKE_INSTALL_LIB_PREFIX/libsfml-$1.dylib\"\n            target=\"`readlink $source`\"\n        fi\n\n        copy \"$source\" \"$dest/$target\"\n\n        # copy extra dependencies\n        if [ \"$1\" = \"audio\" ]\n        then\n            # copy \"FLAC\" \"ogg\" \"vorbis\" \"vorbisenc\" \"vorbisfile\" \"OpenAL\" frameworks too\n            for f in \"FLAC\" \"ogg\" \"vorbis\" \"vorbisenc\" \"vorbisfile\" \"OpenAL\"\n            do\n                copy \"$SFML_DEPENDENCIES_INSTALL_PREFIX/$f.framework\" \"$dest/$f.framework\"\n            done\n        elif [ \"$1\" = \"graphics\" ]\n        then\n            copy \"$SFML_DEPENDENCIES_INSTALL_PREFIX/freetype.framework\" \"$dest/freetype.framework\"\n        fi\n    fi\n}\n\nif [ -n \"$SFML_SYSTEM\" ]\nthen\n    require \"system\"\nfi\n\nif [ -n \"$SFML_AUDIO\" ]\nthen\n    require \"audio\"\nfi\n\nif [ -n \"$SFML_NETWORK\" ]\nthen\n    require \"network\"\nfi\n\nif [ -n \"$SFML_WINDOW\" ]\nthen\n    require \"window\"\nfi\n\nif [ -n \"$SFML_GRAPHICS\" ]\nthen\n    require \"graphics\"\nfi\n\n                \n";
		};
		2D2124AD2643F1EE00231B27 /* ShellScript */ = {
			isa = PBXShellScriptBuildPhase;
			buildActionMask = 8;
			files = (
			);
			inputFileListPaths = (
			);
			inputPaths = (
			);
			outputFileListPaths = (
			);
			outputPaths = (
			);
			runOnlyForDeploymentPostprocessing = 1;
			shellPath = /bin/sh;
			shellScript = "# This shell script simply copies required SFML dylibs/frameworks into the application bundle frameworks folder.\n# If you're using static libraries (which is not recommended) you should remove this script from your project.\n\n# SETTINGS\nSFML_DEPENDENCIES_INSTALL_PREFIX=\"/Users/SFML/Desktop/packaging/tmp/install/Library/Frameworks\"\nCMAKE_INSTALL_FRAMEWORK_PREFIX=\"/Users/SFML/Desktop/packaging/tmp/install/Library/Frameworks\"\nCMAKE_INSTALL_LIB_PREFIX=\"/Users/SFML/Desktop/packaging/tmp/install/Library/Frameworks/lib\"\nFRAMEWORKS_FULL_PATH=\"$BUILT_PRODUCTS_DIR/$FRAMEWORKS_FOLDER_PATH/\"\n\n# Are we building a project that uses frameworks or dylibs?\ncase \"$SFML_BINARY_TYPE\" in\n    DYLIBS)\n        frameworks=\"false\"\n        ;;\n    *)\n        frameworks=\"true\"\n        ;;\nesac\n\n# Echoes to stderr\nerror () # $* message to display\n{\n    echo $* 1>&2\n    exit 2\n}\n\nassert () # $1 is a boolean, $2...N is an error message\n{\n    if [ $# -lt 2 ]\n    then\n        error \"Internal error in assert: not enough args\"\n    fi\n\n    if [ $1 -ne 0 ]\n    then\n        shift\n        error \"$*\"\n    fi\n}\n\nforce_remove () # $@ is some paths\n{\n    test $# -ge 1\n    assert $? \"force_remove() requires at least one parameter\"\n    rm -fr $@\n    assert $? \"couldn't remove $@\"\n}\n\ncopy () # $1 is a source, $2 is a destination\n{\n    test $# -eq 2\n    assert $? \"copy() requires two parameters\"\n    ditto \"$1\" \"$2\"\n    assert $? \"couldn't copy $1 to $2\"\n}\n\nrequire () # $1 is a SFML module like 'system' or 'audio'\n{\n    dest=\"$BUILT_PRODUCTS_DIR/$FRAMEWORKS_FOLDER_PATH/\"\n\n    if [ -z \"$1\" ]\n    then\n        error \"require() requires one parameter!\"\n    else\n        # clean potentially old stuff\n        force_remove \"$dest/libsfml-$1\"*\n        force_remove \"$dest/sfml-$1.framework\"\n\n        # copy SFML libraries\n        if [ \"$frameworks\" = \"true\" ]\n        then\n            source=\"$CMAKE_INSTALL_FRAMEWORK_PREFIX/sfml-$1.framework\"\n            target=\"sfml-$1.framework\"\n        elif [ \"$SFML_LINK_DYLIBS_SUFFIX\" = \"-d\" ]\n        then\n            source=\"$CMAKE_INSTALL_LIB_PREFIX/libsfml-$1-d.dylib\"\n            target=\"`readlink $source`\"\n        else\n            source=\"$CMAKE_INSTALL_LIB_PREFIX/libsfml-$1.dylib\"\n            target=\"`readlink $source`\"\n        fi\n\n        copy \"$source\" \"$dest/$target\"\n\n        # copy extra dependencies\n        if [ \"$1\" = \"audio\" ]\n        then\n            # copy \"FLAC\" \"ogg\" \"vorbis\" \"vorbisenc\" \"vorbisfile\" \"OpenAL\" frameworks too\n            for f in \"FLAC\" \"ogg\" \"vorbis\" \"vorbisenc\" \"vorbisfile\" \"OpenAL\"\n            do\n                copy \"$SFML_DEPENDENCIES_INSTALL_PREFIX/$f.framework\" \"$dest/$f.framework\"\n            done\n        elif [ \"$1\" = \"graphics\" ]\n        then\n            copy \"$SFML_DEPENDENCIES_INSTALL_PREFIX/freetype.framework\" \"$dest/freetype.framework\"\n        fi\n    fi\n}\n\nif [ -n \"$SFML_SYSTEM\" ]\nthen\n    require \"system\"\nfi\n\nif [ -n \"$SFML_AUDIO\" ]\nthen\n    require \"audio\"\nfi\n\nif [ -n \"$SFML_NETWORK\" ]\nthen\n    require \"network\"\nfi\n\nif [ -n \"$SFML_WINDOW\" ]\nthen\n    require \"window\"\nfi\n\nif [ -n \"$SFML_GRAPHICS\" ]\nthen\n    require \"graphics\"\nfi\n\n                \n";
		};
/* End PBXShellScriptBuildPhase section */

/* Begin PBXSourcesBuildPhase section */
		2D2124842643E09B00231B27 /* Sources */ = {
			isa = PBXSourcesBuildPhase;
			buildActionMask = 2147483647;
			files = (
				2D2124922643E09B00231B27 /* main.cpp in Sources */,
				2D2124A92643E1CD00231B27 /* visualizer.cpp in Sources */,
				2D21248F2643E09B00231B27 /* ResourcePath.mm in Sources */,
				2D2124A82643E1CD00231B27 /* calculator.cpp in Sources */,
			);
			runOnlyForDeploymentPostprocessing = 0;
		};
		2D2124AA2643F1EE00231B27 /* Sources */ = {
			isa = PBXSourcesBuildPhase;
			buildActionMask = 2147483647;
			files = (
				2D2124CE2643F26B00231B27 /* pressure.cpp in Sources */,
				2D2124B72643F1EE00231B27 /* main.cpp in Sources */,
				2D2124CF2643F26B00231B27 /* system.cpp in Sources */,
				2D2124B42643F1EE00231B27 /* ResourcePath.mm in Sources */,
				2D2124CC2643F26B00231B27 /* particle.cpp in Sources */,
				2D2124CD2643F26B00231B27 /* link.cpp in Sources */,
			);
			runOnlyForDeploymentPostprocessing = 0;
		};
/* End PBXSourcesBuildPhase section */

/* Begin XCBuildConfiguration section */
		2D21249C2643E09B00231B27 /* Debug */ = {
			isa = XCBuildConfiguration;
			buildSettings = {
				ARCHS = "$(NATIVE_ARCH_ACTUAL)";
				CLANG_CXX_LANGUAGE_STANDARD = "c++11";
				CLANG_CXX_LIBRARY = "libc++";
				FRAMEWORK_SEARCH_PATHS = (
					/Library/Frameworks/,
					"$(inherited)",
				);
				GCC_VERSION = com.apple.compilers.llvm.clang.1_0;
				HEADER_SEARCH_PATHS = (
					/usr/local/include/,
					"$(inherited)",
				);
				LIBRARY_SEARCH_PATHS = (
					/usr/local/lib/,
					"$(inherited)",
				);
				MACOSX_DEPLOYMENT_TARGET = 10.7;
				OTHER_LDFLAGS = (
					"$(inherited)",
					"$(SFML_SYSTEM)",
					"$(SFML_WINDOW)",
					"$(SFML_GRAPHICS)",
					"$(SFML_AUDIO)",
					"$(SFML_NETWORK)",
				);
				SFML_AUDIO = "$(SFML_LINK_PREFIX) sfml-audio$(SFML_LINK_SUFFIX)";
				SFML_BINARY_TYPE = FRAMEWORKS;
				SFML_GRAPHICS = "$(SFML_LINK_PREFIX) sfml-graphics$(SFML_LINK_SUFFIX)";
				SFML_LINK_DYLIBS_PREFIX = "-l";
				SFML_LINK_DYLIBS_SUFFIX = "";
				SFML_LINK_FRAMEWORKS_PREFIX = "-framework";
				SFML_LINK_FRAMEWORKS_SUFFIX = "";
				SFML_LINK_PREFIX = "$(SFML_LINK_$(SFML_BINARY_TYPE)_PREFIX)";
				SFML_LINK_SUFFIX = "$(SFML_LINK_$(SFML_BINARY_TYPE)_SUFFIX)";
				SFML_NETWORK = "$(SFML_LINK_PREFIX) sfml-network$(SFML_LINK_SUFFIX)";
				SFML_SYSTEM = "$(SFML_LINK_PREFIX) sfml-system$(SFML_LINK_SUFFIX)";
				SFML_WINDOW = "$(SFML_LINK_PREFIX) sfml-window$(SFML_LINK_SUFFIX)";
				SUPPORTED_PLATFORMS = macosx;
			};
			name = Debug;
		};
		2D21249D2643E09B00231B27 /* Release */ = {
			isa = XCBuildConfiguration;
			buildSettings = {
				ARCHS = "$(NATIVE_ARCH_ACTUAL)";
				CLANG_CXX_LANGUAGE_STANDARD = "c++11";
				CLANG_CXX_LIBRARY = "libc++";
				FRAMEWORK_SEARCH_PATHS = (
					/Library/Frameworks/,
					"$(inherited)",
				);
				GCC_VERSION = com.apple.compilers.llvm.clang.1_0;
				HEADER_SEARCH_PATHS = (
					/usr/local/include/,
					"$(inherited)",
				);
				LIBRARY_SEARCH_PATHS = (
					/usr/local/lib/,
					"$(inherited)",
				);
				MACOSX_DEPLOYMENT_TARGET = 10.7;
				OTHER_LDFLAGS = (
					"$(inherited)",
					"$(SFML_SYSTEM)",
					"$(SFML_WINDOW)",
					"$(SFML_GRAPHICS)",
					"$(SFML_AUDIO)",
					"$(SFML_NETWORK)",
				);
				SFML_AUDIO = "$(SFML_LINK_PREFIX) sfml-audio$(SFML_LINK_SUFFIX)";
				SFML_BINARY_TYPE = FRAMEWORKS;
				SFML_GRAPHICS = "$(SFML_LINK_PREFIX) sfml-graphics$(SFML_LINK_SUFFIX)";
				SFML_LINK_DYLIBS_PREFIX = "-l";
				SFML_LINK_DYLIBS_SUFFIX = "";
				SFML_LINK_FRAMEWORKS_PREFIX = "-framework";
				SFML_LINK_FRAMEWORKS_SUFFIX = "";
				SFML_LINK_PREFIX = "$(SFML_LINK_$(SFML_BINARY_TYPE)_PREFIX)";
				SFML_LINK_SUFFIX = "$(SFML_LINK_$(SFML_BINARY_TYPE)_SUFFIX)";
				SFML_NETWORK = "$(SFML_LINK_PREFIX) sfml-network$(SFML_LINK_SUFFIX)";
				SFML_SYSTEM = "$(SFML_LINK_PREFIX) sfml-system$(SFML_LINK_SUFFIX)";
				SFML_WINDOW = "$(SFML_LINK_PREFIX) sfml-window$(SFML_LINK_SUFFIX)";
				SUPPORTED_PLATFORMS = macosx;
			};
			name = Release;
		};
		2D21249F2643E09B00231B27 /* Debug */ = {
			isa = XCBuildConfiguration;
			buildSettings = {
				CLANG_CXX_LANGUAGE_STANDARD = "gnu++17";
				CODE_SIGN_STYLE = Automatic;
				INFOPLIST_FILE = "From Mandelbrot to Julia/From Mandelbrot to Julia-Info.plist";
				LD_RUNPATH_SEARCH_PATHS = "@loader_path/../Frameworks";
				PRODUCT_NAME = "$(TARGET_NAME)";
			};
			name = Debug;
		};
		2D2124A02643E09B00231B27 /* Release */ = {
			isa = XCBuildConfiguration;
			buildSettings = {
				CLANG_CXX_LANGUAGE_STANDARD = "gnu++17";
				CODE_SIGN_STYLE = Automatic;
				INFOPLIST_FILE = "From Mandelbrot to Julia/From Mandelbrot to Julia-Info.plist";
				LD_RUNPATH_SEARCH_PATHS = "@loader_path/../Frameworks";
				PRODUCT_NAME = "$(TARGET_NAME)";
			};
			name = Release;
		};
		2D2124C12643F1EE00231B27 /* Debug */ = {
			isa = XCBuildConfiguration;
			buildSettings = {
				CLANG_CXX_LANGUAGE_STANDARD = "gnu++17";
				CODE_SIGN_STYLE = Automatic;
				INFOPLIST_FILE = "Gravity Falls/Gravity Falls-Info.plist";
				LD_RUNPATH_SEARCH_PATHS = "@loader_path/../Frameworks";
				PRODUCT_NAME = "$(TARGET_NAME)";
			};
			name = Debug;
		};
		2D2124C22643F1EE00231B27 /* Release */ = {
			isa = XCBuildConfiguration;
			buildSettings = {
				CLANG_CXX_LANGUAGE_STANDARD = "gnu++17";
				CODE_SIGN_STYLE = Automatic;
				INFOPLIST_FILE = "Gravity Falls/Gravity Falls-Info.plist";
				LD_RUNPATH_SEARCH_PATHS = "@loader_path/../Frameworks";
				PRODUCT_NAME = "$(TARGET_NAME)";
			};
			name = Release;
		};
/* End XCBuildConfiguration section */

/* Begin XCConfigurationList section */
		2D2124832643E09B00231B27 /* Build configuration list for PBXProject "Project" */ = {
			isa = XCConfigurationList;
			buildConfigurations = (
				2D21249C2643E09B00231B27 /* Debug */,
				2D21249D2643E09B00231B27 /* Release */,
			);
			defaultConfigurationIsVisible = 0;
			defaultConfigurationName = Release;
		};
		2D21249E2643E09B00231B27 /* Build configuration list for PBXNativeTarget "Project" */ = {
			isa = XCConfigurationList;
			buildConfigurations = (
				2D21249F2643E09B00231B27 /* Debug */,
				2D2124A02643E09B00231B27 /* Release */,
			);
			defaultConfigurationIsVisible = 0;
			defaultConfigurationName = Release;
		};
		2D2124C32643F1EE00231B27 /* Build configuration list for PBXNativeTarget "Gravity Falls" */ = {
			isa = XCConfigurationList;
			buildConfigurations = (
				2D2124C12643F1EE00231B27 /* Debug */,
				2D2124C22643F1EE00231B27 /* Release */,
			);
			defaultConfigurationIsVisible = 0;
			defaultConfigurationName = Release;
		};
/* End XCConfigurationList section */
	};
	rootObject = 2D2124802643E09B00231B27 /* Project object */;
}
